
Microsoft Visual Studio Solution File, Format Version 12.00
# Visual Studio Version 17
VisualStudioVersion = 17.0.32014.148
MinimumVisualStudioVersion = 10.0.40219.1
Project("{FAE04EC0-301F-11D3-BF4B-00C04F79EFBC}") = "Client", "Client\Client.csproj", "{423921B6-8749-40B8-9E78-A5E66CBDB0C7}"
EndProject
Global
	GlobalSection(SolutionConfigurationPlatforms) = preSolution
		Debug|Any CPU = Debug|Any CPU
		Release|Any CPU = Release|Any CPU
	EndGlobalSection
	GlobalSection(ProjectConfigurationPlatforms) = postSolution
		{423921B6-8749-40B8-9E78-A5E66CBDB0C7}.Debug|Any CPU.ActiveCfg = Debug|Any CPU
		{423921B6-8749-40B8-9E78-A5E66CBDB0C7}.Debug|Any CPU.Build.0 = Debug|Any CPU
		{423921B6-8749-40B8-9E78-A5E66CBDB0C7}.Release|Any CPU.ActiveCfg = Release|Any CPU
		{423921B6-8749-40B8-9E78-A5E66CBDB0C7}.Release|Any CPU.Build.0 = Release|Any CPU
	EndGlobalSection
	GlobalSection(SolutionProperties) = preSolution
		HideSolutionNode = FALSE
	EndGlobalSection
	GlobalSection(ExtensibilityGlobals) = postSolution
		SolutionGuid = {5FCAC579-B728-4EF5-80E5-3D9E016F370D}
	EndGlobalSection
EndGlobal
